// !$*UTF8*$!
{
	archiveVersion = 1;
	classes = {
	};
	objectVersion = 55;
	objects = {

/* Begin PBXBuildFile section */
		4005072527ECD4A9001A8AF1 /* GoogleService-Info.plist in Resources */ = {isa = PBXBuildFile; fileRef = 4005072427ECD4A9001A8AF1 /* GoogleService-Info.plist */; };
		4005072827ECDF90001A8AF1 /* FirebaseAuth in Frameworks */ = {isa = PBXBuildFile; productRef = 4005072727ECDF90001A8AF1 /* FirebaseAuth */; };
		4005072A27ECDF90001A8AF1 /* FirebaseAuthCombine-Community in Frameworks */ = {isa = PBXBuildFile; productRef = 4005072927ECDF90001A8AF1 /* FirebaseAuthCombine-Community */; };
		4005072C27ECDF90001A8AF1 /* FirebaseFirestore in Frameworks */ = {isa = PBXBuildFile; productRef = 4005072B27ECDF90001A8AF1 /* FirebaseFirestore */; };
		4005072E27ECDF90001A8AF1 /* FirebaseFirestoreCombine-Community in Frameworks */ = {isa = PBXBuildFile; productRef = 4005072D27ECDF90001A8AF1 /* FirebaseFirestoreCombine-Community */; };
		4005073027ECDF90001A8AF1 /* FirebaseFirestoreSwift-Beta in Frameworks */ = {isa = PBXBuildFile; productRef = 4005072F27ECDF90001A8AF1 /* FirebaseFirestoreSwift-Beta */; };
		4005073527ED2919001A8AF1 /* PreRegistrationView.swift in Sources */ = {isa = PBXBuildFile; fileRef = 4005073427ED2919001A8AF1 /* PreRegistrationView.swift */; };
		4005073727ED2FBC001A8AF1 /* SignUpInitialView.swift in Sources */ = {isa = PBXBuildFile; fileRef = 4005073627ED2FBC001A8AF1 /* SignUpInitialView.swift */; };
		404B133527C7E180002F37C1 /* Color.swift in Sources */ = {isa = PBXBuildFile; fileRef = 404B133427C7E180002F37C1 /* Color.swift */; };
		405860A327DD4D63007FE1A9 /* HomeView.swift in Sources */ = {isa = PBXBuildFile; fileRef = 405860A227DD4D63007FE1A9 /* HomeView.swift */; };
		405860A527DD4DA0007FE1A9 /* WorkoutsView.swift in Sources */ = {isa = PBXBuildFile; fileRef = 405860A427DD4DA0007FE1A9 /* WorkoutsView.swift */; };
		405860A727DD4DEE007FE1A9 /* CalendarView.swift in Sources */ = {isa = PBXBuildFile; fileRef = 405860A627DD4DEE007FE1A9 /* CalendarView.swift */; };
		405860A927DD4E85007FE1A9 /* ProgressView.swift in Sources */ = {isa = PBXBuildFile; fileRef = 405860A827DD4E85007FE1A9 /* ProgressView.swift */; };
		405860B327DEE623007FE1A9 /* CustomTabBarView.swift in Sources */ = {isa = PBXBuildFile; fileRef = 405860B227DEE623007FE1A9 /* CustomTabBarView.swift */; };
		405860B527DEEE02007FE1A9 /* CustomTabBarContainerView.swift in Sources */ = {isa = PBXBuildFile; fileRef = 405860B427DEEE02007FE1A9 /* CustomTabBarContainerView.swift */; };
		405860B927DFA6FB007FE1A9 /* TabBarItemsPreferenceKey.swift in Sources */ = {isa = PBXBuildFile; fileRef = 405860B827DFA6FB007FE1A9 /* TabBarItemsPreferenceKey.swift */; };
		405860BB27DFAAD7007FE1A9 /* TabBarItem.swift in Sources */ = {isa = PBXBuildFile; fileRef = 405860BA27DFAAD7007FE1A9 /* TabBarItem.swift */; };
		405860BE27E0EE0B007FE1A9 /* WorkoutTileView.swift in Sources */ = {isa = PBXBuildFile; fileRef = 405860BD27E0EE0B007FE1A9 /* WorkoutTileView.swift */; };
		405860C327E14D19007FE1A9 /* View.swift in Sources */ = {isa = PBXBuildFile; fileRef = 405860C227E14D19007FE1A9 /* View.swift */; };
		405860C527E1E503007FE1A9 /* SearchBarView.swift in Sources */ = {isa = PBXBuildFile; fileRef = 405860C427E1E502007FE1A9 /* SearchBarView.swift */; };
		405860C727E1EAF5007FE1A9 /* WorkoutsViewModel.swift in Sources */ = {isa = PBXBuildFile; fileRef = 405860C627E1EAF5007FE1A9 /* WorkoutsViewModel.swift */; };
		405860C927E1FF34007FE1A9 /* UIApplication.swift in Sources */ = {isa = PBXBuildFile; fileRef = 405860C827E1FF33007FE1A9 /* UIApplication.swift */; };
		405860CB27E2634E007FE1A9 /* SideMenuBarView.swift in Sources */ = {isa = PBXBuildFile; fileRef = 405860CA27E2634E007FE1A9 /* SideMenuBarView.swift */; };
		405860CD27E264BD007FE1A9 /* SideMenuButtonView.swift in Sources */ = {isa = PBXBuildFile; fileRef = 405860CC27E264BD007FE1A9 /* SideMenuButtonView.swift */; };
		405860D027E268DB007FE1A9 /* SideMenuContentView.swift in Sources */ = {isa = PBXBuildFile; fileRef = 405860CF27E268DA007FE1A9 /* SideMenuContentView.swift */; };
		405860D227E27A1B007FE1A9 /* SettingsView.swift in Sources */ = {isa = PBXBuildFile; fileRef = 405860D127E27A1B007FE1A9 /* SettingsView.swift */; };
		405860D427E280DE007FE1A9 /* HomeViewModel.swift in Sources */ = {isa = PBXBuildFile; fileRef = 405860D327E280DE007FE1A9 /* HomeViewModel.swift */; };
		405860D627E28461007FE1A9 /* CalendarViewModel.swift in Sources */ = {isa = PBXBuildFile; fileRef = 405860D527E28461007FE1A9 /* CalendarViewModel.swift */; };
		405860D827E2848A007FE1A9 /* ProgressViewModel.swift in Sources */ = {isa = PBXBuildFile; fileRef = 405860D727E2848A007FE1A9 /* ProgressViewModel.swift */; };
		405860DA27E3E628007FE1A9 /* FitUser.swift in Sources */ = {isa = PBXBuildFile; fileRef = 405860D927E3E627007FE1A9 /* FitUser.swift */; };
		406253362791DDAE001ACB70 /* FitArenaApp.swift in Sources */ = {isa = PBXBuildFile; fileRef = 406253352791DDAE001ACB70 /* FitArenaApp.swift */; };
		4062533A2791DDB2001ACB70 /* Assets.xcassets in Resources */ = {isa = PBXBuildFile; fileRef = 406253392791DDB2001ACB70 /* Assets.xcassets */; };
		4062533D2791DDB2001ACB70 /* Preview Assets.xcassets in Resources */ = {isa = PBXBuildFile; fileRef = 4062533C2791DDB2001ACB70 /* Preview Assets.xcassets */; };
		4065D6DD282BF07800D8FFDE /* SingularActivityWorkout.swift in Sources */ = {isa = PBXBuildFile; fileRef = 4065D6DC282BF07800D8FFDE /* SingularActivityWorkout.swift */; };
		4065D6DF282BF0C300D8FFDE /* TimedDrillWorkout.swift in Sources */ = {isa = PBXBuildFile; fileRef = 4065D6DE282BF0C300D8FFDE /* TimedDrillWorkout.swift */; };
		4065D6E1282BF0F000D8FFDE /* AMRAPWorkout.swift in Sources */ = {isa = PBXBuildFile; fileRef = 4065D6E0282BF0F000D8FFDE /* AMRAPWorkout.swift */; };
		4065D6E3282BF18F00D8FFDE /* SetsAndRepsWorkout.swift in Sources */ = {isa = PBXBuildFile; fileRef = 4065D6E2282BF18F00D8FFDE /* SetsAndRepsWorkout.swift */; };
		4065D6E5282BF22000D8FFDE /* LaddersWorkout.swift in Sources */ = {isa = PBXBuildFile; fileRef = 4065D6E4282BF22000D8FFDE /* LaddersWorkout.swift */; };
		4065D6E7282BF4C700D8FFDE /* EMOMWorkout.swift in Sources */ = {isa = PBXBuildFile; fileRef = 4065D6E6282BF4C700D8FFDE /* EMOMWorkout.swift */; };
		4065D6E9282BF51800D8FFDE /* TabataWorkout.swift in Sources */ = {isa = PBXBuildFile; fileRef = 4065D6E8282BF51800D8FFDE /* TabataWorkout.swift */; };
		4065D6EB282BFAED00D8FFDE /* Activity.swift in Sources */ = {isa = PBXBuildFile; fileRef = 4065D6EA282BFAED00D8FFDE /* Activity.swift */; };
		40761CEA27EE50CC00DA4D05 /* RegisterButtonView.swift in Sources */ = {isa = PBXBuildFile; fileRef = 40761CE927EE50CC00DA4D05 /* RegisterButtonView.swift */; };
		40761CEC27EE560000DA4D05 /* LogInInitialView.swift in Sources */ = {isa = PBXBuildFile; fileRef = 40761CEB27EE560000DA4D05 /* LogInInitialView.swift */; };
		408830E02796232600E9BAEC /* MainView.swift in Sources */ = {isa = PBXBuildFile; fileRef = 408830DF2796232500E9BAEC /* MainView.swift */; };
		40DC5C2C280BC41000C6852E /* CustomTextFieldView.swift in Sources */ = {isa = PBXBuildFile; fileRef = 40DC5C2B280BC41000C6852E /* CustomTextFieldView.swift */; };
		40DC5C32280D964D00C6852E /* RegistrationViewModel.swift in Sources */ = {isa = PBXBuildFile; fileRef = 40DC5C31280D964C00C6852E /* RegistrationViewModel.swift */; };
		40DC5C35280F09BD00C6852E /* AuthenticationService.swift in Sources */ = {isa = PBXBuildFile; fileRef = 40DC5C34280F09BC00C6852E /* AuthenticationService.swift */; };
		40DC5C37280F0E9400C6852E /* RouterView.swift in Sources */ = {isa = PBXBuildFile; fileRef = 40DC5C36280F0E9400C6852E /* RouterView.swift */; };
		40DC5C39280F38AC00C6852E /* LogoView.swift in Sources */ = {isa = PBXBuildFile; fileRef = 40DC5C38280F38AB00C6852E /* LogoView.swift */; };
/* End PBXBuildFile section */

/* Begin PBXFileReference section */
		4005072427ECD4A9001A8AF1 /* GoogleService-Info.plist */ = {isa = PBXFileReference; fileEncoding = 4; lastKnownFileType = text.plist.xml; path = "GoogleService-Info.plist"; sourceTree = "<group>"; };
		4005073427ED2919001A8AF1 /* PreRegistrationView.swift */ = {isa = PBXFileReference; lastKnownFileType = sourcecode.swift; path = PreRegistrationView.swift; sourceTree = "<group>"; };
		4005073627ED2FBC001A8AF1 /* SignUpInitialView.swift */ = {isa = PBXFileReference; lastKnownFileType = sourcecode.swift; path = SignUpInitialView.swift; sourceTree = "<group>"; };
		404B133427C7E180002F37C1 /* Color.swift */ = {isa = PBXFileReference; lastKnownFileType = sourcecode.swift; path = Color.swift; sourceTree = "<group>"; };
		405860A227DD4D63007FE1A9 /* HomeView.swift */ = {isa = PBXFileReference; lastKnownFileType = sourcecode.swift; path = HomeView.swift; sourceTree = "<group>"; };
		405860A427DD4DA0007FE1A9 /* WorkoutsView.swift */ = {isa = PBXFileReference; lastKnownFileType = sourcecode.swift; path = WorkoutsView.swift; sourceTree = "<group>"; };
		405860A627DD4DEE007FE1A9 /* CalendarView.swift */ = {isa = PBXFileReference; lastKnownFileType = sourcecode.swift; path = CalendarView.swift; sourceTree = "<group>"; };
		405860A827DD4E85007FE1A9 /* ProgressView.swift */ = {isa = PBXFileReference; lastKnownFileType = sourcecode.swift; path = ProgressView.swift; sourceTree = "<group>"; };
		405860B227DEE623007FE1A9 /* CustomTabBarView.swift */ = {isa = PBXFileReference; lastKnownFileType = sourcecode.swift; path = CustomTabBarView.swift; sourceTree = "<group>"; };
		405860B427DEEE02007FE1A9 /* CustomTabBarContainerView.swift */ = {isa = PBXFileReference; lastKnownFileType = sourcecode.swift; path = CustomTabBarContainerView.swift; sourceTree = "<group>"; };
		405860B827DFA6FB007FE1A9 /* TabBarItemsPreferenceKey.swift */ = {isa = PBXFileReference; lastKnownFileType = sourcecode.swift; path = TabBarItemsPreferenceKey.swift; sourceTree = "<group>"; };
		405860BA27DFAAD7007FE1A9 /* TabBarItem.swift */ = {isa = PBXFileReference; lastKnownFileType = sourcecode.swift; path = TabBarItem.swift; sourceTree = "<group>"; };
		405860BD27E0EE0B007FE1A9 /* WorkoutTileView.swift */ = {isa = PBXFileReference; lastKnownFileType = sourcecode.swift; path = WorkoutTileView.swift; sourceTree = "<group>"; };
		405860C227E14D19007FE1A9 /* View.swift */ = {isa = PBXFileReference; lastKnownFileType = sourcecode.swift; path = View.swift; sourceTree = "<group>"; };
		405860C427E1E502007FE1A9 /* SearchBarView.swift */ = {isa = PBXFileReference; lastKnownFileType = sourcecode.swift; path = SearchBarView.swift; sourceTree = "<group>"; };
		405860C627E1EAF5007FE1A9 /* WorkoutsViewModel.swift */ = {isa = PBXFileReference; lastKnownFileType = sourcecode.swift; path = WorkoutsViewModel.swift; sourceTree = "<group>"; };
		405860C827E1FF33007FE1A9 /* UIApplication.swift */ = {isa = PBXFileReference; lastKnownFileType = sourcecode.swift; path = UIApplication.swift; sourceTree = "<group>"; };
		405860CA27E2634E007FE1A9 /* SideMenuBarView.swift */ = {isa = PBXFileReference; lastKnownFileType = sourcecode.swift; path = SideMenuBarView.swift; sourceTree = "<group>"; };
		405860CC27E264BD007FE1A9 /* SideMenuButtonView.swift */ = {isa = PBXFileReference; lastKnownFileType = sourcecode.swift; path = SideMenuButtonView.swift; sourceTree = "<group>"; };
		405860CF27E268DA007FE1A9 /* SideMenuContentView.swift */ = {isa = PBXFileReference; lastKnownFileType = sourcecode.swift; path = SideMenuContentView.swift; sourceTree = "<group>"; };
		405860D127E27A1B007FE1A9 /* SettingsView.swift */ = {isa = PBXFileReference; lastKnownFileType = sourcecode.swift; path = SettingsView.swift; sourceTree = "<group>"; };
		405860D327E280DE007FE1A9 /* HomeViewModel.swift */ = {isa = PBXFileReference; lastKnownFileType = sourcecode.swift; path = HomeViewModel.swift; sourceTree = "<group>"; };
		405860D527E28461007FE1A9 /* CalendarViewModel.swift */ = {isa = PBXFileReference; lastKnownFileType = sourcecode.swift; path = CalendarViewModel.swift; sourceTree = "<group>"; };
		405860D727E2848A007FE1A9 /* ProgressViewModel.swift */ = {isa = PBXFileReference; lastKnownFileType = sourcecode.swift; path = ProgressViewModel.swift; sourceTree = "<group>"; };
		405860D927E3E627007FE1A9 /* FitUser.swift */ = {isa = PBXFileReference; lastKnownFileType = sourcecode.swift; path = FitUser.swift; sourceTree = "<group>"; };
		406253322791DDAE001ACB70 /* FitArenaa.app */ = {isa = PBXFileReference; explicitFileType = wrapper.application; includeInIndex = 0; path = FitArenaa.app; sourceTree = BUILT_PRODUCTS_DIR; };
		406253352791DDAE001ACB70 /* FitArenaApp.swift */ = {isa = PBXFileReference; lastKnownFileType = sourcecode.swift; path = FitArenaApp.swift; sourceTree = "<group>"; };
		406253392791DDB2001ACB70 /* Assets.xcassets */ = {isa = PBXFileReference; lastKnownFileType = folder.assetcatalog; path = Assets.xcassets; sourceTree = "<group>"; };
		4062533C2791DDB2001ACB70 /* Preview Assets.xcassets */ = {isa = PBXFileReference; lastKnownFileType = folder.assetcatalog; path = "Preview Assets.xcassets"; sourceTree = "<group>"; };
		4065D6DC282BF07800D8FFDE /* SingularActivityWorkout.swift */ = {isa = PBXFileReference; lastKnownFileType = sourcecode.swift; path = SingularActivityWorkout.swift; sourceTree = "<group>"; };
		4065D6DE282BF0C300D8FFDE /* TimedDrillWorkout.swift */ = {isa = PBXFileReference; lastKnownFileType = sourcecode.swift; path = TimedDrillWorkout.swift; sourceTree = "<group>"; };
		4065D6E0282BF0F000D8FFDE /* AMRAPWorkout.swift */ = {isa = PBXFileReference; lastKnownFileType = sourcecode.swift; path = AMRAPWorkout.swift; sourceTree = "<group>"; };
		4065D6E2282BF18F00D8FFDE /* SetsAndRepsWorkout.swift */ = {isa = PBXFileReference; lastKnownFileType = sourcecode.swift; path = SetsAndRepsWorkout.swift; sourceTree = "<group>"; };
		4065D6E4282BF22000D8FFDE /* LaddersWorkout.swift */ = {isa = PBXFileReference; lastKnownFileType = sourcecode.swift; path = LaddersWorkout.swift; sourceTree = "<group>"; };
		4065D6E6282BF4C700D8FFDE /* EMOMWorkout.swift */ = {isa = PBXFileReference; lastKnownFileType = sourcecode.swift; path = EMOMWorkout.swift; sourceTree = "<group>"; };
		4065D6E8282BF51800D8FFDE /* TabataWorkout.swift */ = {isa = PBXFileReference; lastKnownFileType = sourcecode.swift; path = TabataWorkout.swift; sourceTree = "<group>"; };
		4065D6EA282BFAED00D8FFDE /* Activity.swift */ = {isa = PBXFileReference; lastKnownFileType = sourcecode.swift; path = Activity.swift; sourceTree = "<group>"; };
		40761CE927EE50CC00DA4D05 /* RegisterButtonView.swift */ = {isa = PBXFileReference; lastKnownFileType = sourcecode.swift; path = RegisterButtonView.swift; sourceTree = "<group>"; };
		40761CEB27EE560000DA4D05 /* LogInInitialView.swift */ = {isa = PBXFileReference; lastKnownFileType = sourcecode.swift; path = LogInInitialView.swift; sourceTree = "<group>"; };
		408830DF2796232500E9BAEC /* MainView.swift */ = {isa = PBXFileReference; lastKnownFileType = sourcecode.swift; path = MainView.swift; sourceTree = "<group>"; };
		40DC5C2B280BC41000C6852E /* CustomTextFieldView.swift */ = {isa = PBXFileReference; lastKnownFileType = sourcecode.swift; path = CustomTextFieldView.swift; sourceTree = "<group>"; };
		40DC5C31280D964C00C6852E /* RegistrationViewModel.swift */ = {isa = PBXFileReference; lastKnownFileType = sourcecode.swift; path = RegistrationViewModel.swift; sourceTree = "<group>"; };
		40DC5C34280F09BC00C6852E /* AuthenticationService.swift */ = {isa = PBXFileReference; lastKnownFileType = sourcecode.swift; path = AuthenticationService.swift; sourceTree = "<group>"; };
		40DC5C36280F0E9400C6852E /* RouterView.swift */ = {isa = PBXFileReference; lastKnownFileType = sourcecode.swift; path = RouterView.swift; sourceTree = "<group>"; };
		40DC5C38280F38AB00C6852E /* LogoView.swift */ = {isa = PBXFileReference; lastKnownFileType = sourcecode.swift; path = LogoView.swift; sourceTree = "<group>"; };
/* End PBXFileReference section */

/* Begin PBXFrameworksBuildPhase section */
		4062532F2791DDAE001ACB70 /* Frameworks */ = {
			isa = PBXFrameworksBuildPhase;
			buildActionMask = 2147483647;
			files = (
				4005072827ECDF90001A8AF1 /* FirebaseAuth in Frameworks */,
				4005072E27ECDF90001A8AF1 /* FirebaseFirestoreCombine-Community in Frameworks */,
				4005073027ECDF90001A8AF1 /* FirebaseFirestoreSwift-Beta in Frameworks */,
				4005072A27ECDF90001A8AF1 /* FirebaseAuthCombine-Community in Frameworks */,
				4005072C27ECDF90001A8AF1 /* FirebaseFirestore in Frameworks */,
			);
			runOnlyForDeploymentPostprocessing = 0;
		};
/* End PBXFrameworksBuildPhase section */

/* Begin PBXGroup section */
		4005073127ED28AA001A8AF1 /* Registration */ = {
			isa = PBXGroup;
			children = (
				4005073227ED28D3001A8AF1 /* Views */,
				4005073327ED28DD001A8AF1 /* ViewModels */,
			);
			path = Registration;
			sourceTree = "<group>";
		};
		4005073227ED28D3001A8AF1 /* Views */ = {
			isa = PBXGroup;
			children = (
				4005073427ED2919001A8AF1 /* PreRegistrationView.swift */,
				4005073627ED2FBC001A8AF1 /* SignUpInitialView.swift */,
				40761CEB27EE560000DA4D05 /* LogInInitialView.swift */,
			);
			path = Views;
			sourceTree = "<group>";
		};
		4005073327ED28DD001A8AF1 /* ViewModels */ = {
			isa = PBXGroup;
			children = (
				40DC5C31280D964C00C6852E /* RegistrationViewModel.swift */,
			);
			path = ViewModels;
			sourceTree = "<group>";
		};
		404B133627C7E247002F37C1 /* Views */ = {
			isa = PBXGroup;
			children = (
				408830DF2796232500E9BAEC /* MainView.swift */,
				405860A227DD4D63007FE1A9 /* HomeView.swift */,
				405860A427DD4DA0007FE1A9 /* WorkoutsView.swift */,
				405860A627DD4DEE007FE1A9 /* CalendarView.swift */,
				405860A827DD4E85007FE1A9 /* ProgressView.swift */,
				405860D127E27A1B007FE1A9 /* SettingsView.swift */,
				405860CE27E268BF007FE1A9 /* SideMenu */,
			);
			path = Views;
			sourceTree = "<group>";
		};
		404B133727C7E780002F37C1 /* Models */ = {
			isa = PBXGroup;
			children = (
				4065D6DB282BF04900D8FFDE /* Workouts */,
				4065D6EA282BFAED00D8FFDE /* Activity.swift */,
				405860D927E3E627007FE1A9 /* FitUser.swift */,
			);
			path = Models;
			sourceTree = "<group>";
		};
		405860AF27DEE4D1007FE1A9 /* CustomTabBar */ = {
			isa = PBXGroup;
			children = (
				405860B227DEE623007FE1A9 /* CustomTabBarView.swift */,
				405860B427DEEE02007FE1A9 /* CustomTabBarContainerView.swift */,
				405860B827DFA6FB007FE1A9 /* TabBarItemsPreferenceKey.swift */,
				405860BA27DFAAD7007FE1A9 /* TabBarItem.swift */,
			);
			path = CustomTabBar;
			sourceTree = "<group>";
		};
		405860BC27E0EB24007FE1A9 /* Components */ = {
			isa = PBXGroup;
			children = (
				405860AF27DEE4D1007FE1A9 /* CustomTabBar */,
				405860BD27E0EE0B007FE1A9 /* WorkoutTileView.swift */,
				405860C427E1E502007FE1A9 /* SearchBarView.swift */,
				405860CC27E264BD007FE1A9 /* SideMenuButtonView.swift */,
				40761CE927EE50CC00DA4D05 /* RegisterButtonView.swift */,
				40DC5C2B280BC41000C6852E /* CustomTextFieldView.swift */,
				40DC5C38280F38AB00C6852E /* LogoView.swift */,
			);
			path = Components;
			sourceTree = "<group>";
		};
		405860C027E1418F007FE1A9 /* Core */ = {
			isa = PBXGroup;
			children = (
				4005073127ED28AA001A8AF1 /* Registration */,
				405860BC27E0EB24007FE1A9 /* Components */,
				404B133627C7E247002F37C1 /* Views */,
				405860C127E14267007FE1A9 /* ViewModels */,
			);
			path = Core;
			sourceTree = "<group>";
		};
		405860C127E14267007FE1A9 /* ViewModels */ = {
			isa = PBXGroup;
			children = (
				405860C627E1EAF5007FE1A9 /* WorkoutsViewModel.swift */,
				405860D327E280DE007FE1A9 /* HomeViewModel.swift */,
				405860D527E28461007FE1A9 /* CalendarViewModel.swift */,
				405860D727E2848A007FE1A9 /* ProgressViewModel.swift */,
			);
			path = ViewModels;
			sourceTree = "<group>";
		};
		405860CE27E268BF007FE1A9 /* SideMenu */ = {
			isa = PBXGroup;
			children = (
				405860CA27E2634E007FE1A9 /* SideMenuBarView.swift */,
				405860CF27E268DA007FE1A9 /* SideMenuContentView.swift */,
			);
			path = SideMenu;
			sourceTree = "<group>";
		};
		406253292791DDAE001ACB70 = {
			isa = PBXGroup;
			children = (
				406253342791DDAE001ACB70 /* FitArena */,
				406253332791DDAE001ACB70 /* Products */,
			);
			sourceTree = "<group>";
		};
		406253332791DDAE001ACB70 /* Products */ = {
			isa = PBXGroup;
			children = (
				406253322791DDAE001ACB70 /* FitArenaa.app */,
			);
			name = Products;
			sourceTree = "<group>";
		};
		406253342791DDAE001ACB70 /* FitArena */ = {
			isa = PBXGroup;
			children = (
				406253352791DDAE001ACB70 /* FitArenaApp.swift */,
				40DC5C36280F0E9400C6852E /* RouterView.swift */,
				4090CEFF2799B60100B4623B /* Extensions */,
				40DC5C33280F08C400C6852E /* Services */,
				404B133727C7E780002F37C1 /* Models */,
				405860C027E1418F007FE1A9 /* Core */,
				406253392791DDB2001ACB70 /* Assets.xcassets */,
				4005072427ECD4A9001A8AF1 /* GoogleService-Info.plist */,
				4062533B2791DDB2001ACB70 /* Preview Content */,
			);
			path = FitArena;
			sourceTree = "<group>";
		};
		4062533B2791DDB2001ACB70 /* Preview Content */ = {
			isa = PBXGroup;
			children = (
				4062533C2791DDB2001ACB70 /* Preview Assets.xcassets */,
			);
			path = "Preview Content";
			sourceTree = "<group>";
		};
		4065D6DB282BF04900D8FFDE /* Workouts */ = {
			isa = PBXGroup;
			children = (
				4065D6E2282BF18F00D8FFDE /* SetsAndRepsWorkout.swift */,
				4065D6E8282BF51800D8FFDE /* TabataWorkout.swift */,
				4065D6E6282BF4C700D8FFDE /* EMOMWorkout.swift */,
				4065D6E4282BF22000D8FFDE /* LaddersWorkout.swift */,
				4065D6DE282BF0C300D8FFDE /* TimedDrillWorkout.swift */,
				4065D6DC282BF07800D8FFDE /* SingularActivityWorkout.swift */,
				4065D6E0282BF0F000D8FFDE /* AMRAPWorkout.swift */,
			);
			path = Workouts;
			sourceTree = "<group>";
		};
		4090CEFF2799B60100B4623B /* Extensions */ = {
			isa = PBXGroup;
			children = (
				404B133427C7E180002F37C1 /* Color.swift */,
				405860C227E14D19007FE1A9 /* View.swift */,
				405860C827E1FF33007FE1A9 /* UIApplication.swift */,
			);
			path = Extensions;
			sourceTree = "<group>";
		};
		40DC5C33280F08C400C6852E /* Services */ = {
			isa = PBXGroup;
			children = (
				40DC5C34280F09BC00C6852E /* AuthenticationService.swift */,
			);
			path = Services;
			sourceTree = "<group>";
		};
/* End PBXGroup section */

/* Begin PBXNativeTarget section */
		406253312791DDAE001ACB70 /* FitnessHub */ = {
			isa = PBXNativeTarget;
			buildConfigurationList = 406253402791DDB2001ACB70 /* Build configuration list for PBXNativeTarget "FitnessHub" */;
			buildPhases = (
				4062532E2791DDAE001ACB70 /* Sources */,
				4062532F2791DDAE001ACB70 /* Frameworks */,
				406253302791DDAE001ACB70 /* Resources */,
			);
			buildRules = (
			);
			dependencies = (
			);
			name = FitnessHub;
			packageProductDependencies = (
				4005072727ECDF90001A8AF1 /* FirebaseAuth */,
				4005072927ECDF90001A8AF1 /* FirebaseAuthCombine-Community */,
				4005072B27ECDF90001A8AF1 /* FirebaseFirestore */,
				4005072D27ECDF90001A8AF1 /* FirebaseFirestoreCombine-Community */,
				4005072F27ECDF90001A8AF1 /* FirebaseFirestoreSwift-Beta */,
			);
			productName = FitnessHub;
			productReference = 406253322791DDAE001ACB70 /* FitArenaa.app */;
			productType = "com.apple.product-type.application";
		};
/* End PBXNativeTarget section */

/* Begin PBXProject section */
		4062532A2791DDAE001ACB70 /* Project object */ = {
			isa = PBXProject;
			attributes = {
				BuildIndependentTargetsInParallel = 1;
				LastSwiftUpdateCheck = 1300;
				LastUpgradeCheck = 1300;
				TargetAttributes = {
					406253312791DDAE001ACB70 = {
						CreatedOnToolsVersion = 13.0;
					};
				};
			};
			buildConfigurationList = 4062532D2791DDAE001ACB70 /* Build configuration list for PBXProject "FitArena" */;
			compatibilityVersion = "Xcode 13.0";
			developmentRegion = en;
			hasScannedForEncodings = 0;
			knownRegions = (
				en,
				Base,
			);
			mainGroup = 406253292791DDAE001ACB70;
			packageReferences = (
				4005072627ECDF90001A8AF1 /* XCRemoteSwiftPackageReference "firebase-ios-sdk" */,
			);
			productRefGroup = 406253332791DDAE001ACB70 /* Products */;
			projectDirPath = "";
			projectRoot = "";
			targets = (
				406253312791DDAE001ACB70 /* FitnessHub */,
			);
		};
/* End PBXProject section */

/* Begin PBXResourcesBuildPhase section */
		406253302791DDAE001ACB70 /* Resources */ = {
			isa = PBXResourcesBuildPhase;
			buildActionMask = 2147483647;
			files = (
				4062533D2791DDB2001ACB70 /* Preview Assets.xcassets in Resources */,
				4062533A2791DDB2001ACB70 /* Assets.xcassets in Resources */,
				4005072527ECD4A9001A8AF1 /* GoogleService-Info.plist in Resources */,
			);
			runOnlyForDeploymentPostprocessing = 0;
		};
/* End PBXResourcesBuildPhase section */

/* Begin PBXSourcesBuildPhase section */
		4062532E2791DDAE001ACB70 /* Sources */ = {
			isa = PBXSourcesBuildPhase;
			buildActionMask = 2147483647;
			files = (
				405860DA27E3E628007FE1A9 /* FitUser.swift in Sources */,
				405860D627E28461007FE1A9 /* CalendarViewModel.swift in Sources */,
				405860C927E1FF34007FE1A9 /* UIApplication.swift in Sources */,
				405860A327DD4D63007FE1A9 /* HomeView.swift in Sources */,
				4065D6E7282BF4C700D8FFDE /* EMOMWorkout.swift in Sources */,
				4005073527ED2919001A8AF1 /* PreRegistrationView.swift in Sources */,
				40761CEC27EE560000DA4D05 /* LogInInitialView.swift in Sources */,
				405860D827E2848A007FE1A9 /* ProgressViewModel.swift in Sources */,
				406253362791DDAE001ACB70 /* FitArenaApp.swift in Sources */,
				4065D6DF282BF0C300D8FFDE /* TimedDrillWorkout.swift in Sources */,
				405860C327E14D19007FE1A9 /* View.swift in Sources */,
				405860B327DEE623007FE1A9 /* CustomTabBarView.swift in Sources */,
				40DC5C32280D964D00C6852E /* RegistrationViewModel.swift in Sources */,
				405860D427E280DE007FE1A9 /* HomeViewModel.swift in Sources */,
				405860C527E1E503007FE1A9 /* SearchBarView.swift in Sources */,
				4065D6DD282BF07800D8FFDE /* SingularActivityWorkout.swift in Sources */,
				40761CEA27EE50CC00DA4D05 /* RegisterButtonView.swift in Sources */,
				40DC5C35280F09BD00C6852E /* AuthenticationService.swift in Sources */,
				405860CB27E2634E007FE1A9 /* SideMenuBarView.swift in Sources */,
				405860CD27E264BD007FE1A9 /* SideMenuButtonView.swift in Sources */,
				405860C727E1EAF5007FE1A9 /* WorkoutsViewModel.swift in Sources */,
				405860BB27DFAAD7007FE1A9 /* TabBarItem.swift in Sources */,
				408830E02796232600E9BAEC /* MainView.swift in Sources */,
				4065D6E9282BF51800D8FFDE /* TabataWorkout.swift in Sources */,
				40DC5C2C280BC41000C6852E /* CustomTextFieldView.swift in Sources */,
				405860A727DD4DEE007FE1A9 /* CalendarView.swift in Sources */,
				405860B927DFA6FB007FE1A9 /* TabBarItemsPreferenceKey.swift in Sources */,
				40DC5C39280F38AC00C6852E /* LogoView.swift in Sources */,
				405860D027E268DB007FE1A9 /* SideMenuContentView.swift in Sources */,
				405860A927DD4E85007FE1A9 /* ProgressView.swift in Sources */,
				4065D6E3282BF18F00D8FFDE /* SetsAndRepsWorkout.swift in Sources */,
				405860BE27E0EE0B007FE1A9 /* WorkoutTileView.swift in Sources */,
				4065D6EB282BFAED00D8FFDE /* Activity.swift in Sources */,
				405860B527DEEE02007FE1A9 /* CustomTabBarContainerView.swift in Sources */,
				4065D6E5282BF22000D8FFDE /* LaddersWorkout.swift in Sources */,
				405860A527DD4DA0007FE1A9 /* WorkoutsView.swift in Sources */,
				4005073727ED2FBC001A8AF1 /* SignUpInitialView.swift in Sources */,
				404B133527C7E180002F37C1 /* Color.swift in Sources */,
				405860D227E27A1B007FE1A9 /* SettingsView.swift in Sources */,
				40DC5C37280F0E9400C6852E /* RouterView.swift in Sources */,
				4065D6E1282BF0F000D8FFDE /* AMRAPWorkout.swift in Sources */,
			);
			runOnlyForDeploymentPostprocessing = 0;
		};
/* End PBXSourcesBuildPhase section */

/* Begin XCBuildConfiguration section */
		4062533E2791DDB2001ACB70 /* Debug */ = {
			isa = XCBuildConfiguration;
			buildSettings = {
				ALWAYS_SEARCH_USER_PATHS = NO;
				CLANG_ANALYZER_NONNULL = YES;
				CLANG_ANALYZER_NUMBER_OBJECT_CONVERSION = YES_AGGRESSIVE;
				CLANG_CXX_LANGUAGE_STANDARD = "gnu++17";
				CLANG_CXX_LIBRARY = "libc++";
				CLANG_ENABLE_MODULES = YES;
				CLANG_ENABLE_OBJC_ARC = YES;
				CLANG_ENABLE_OBJC_WEAK = YES;
				CLANG_WARN_BLOCK_CAPTURE_AUTORELEASING = YES;
				CLANG_WARN_BOOL_CONVERSION = YES;
				CLANG_WARN_COMMA = YES;
				CLANG_WARN_CONSTANT_CONVERSION = YES;
				CLANG_WARN_DEPRECATED_OBJC_IMPLEMENTATIONS = YES;
				CLANG_WARN_DIRECT_OBJC_ISA_USAGE = YES_ERROR;
				CLANG_WARN_DOCUMENTATION_COMMENTS = YES;
				CLANG_WARN_EMPTY_BODY = YES;
				CLANG_WARN_ENUM_CONVERSION = YES;
				CLANG_WARN_INFINITE_RECURSION = YES;
				CLANG_WARN_INT_CONVERSION = YES;
				CLANG_WARN_NON_LITERAL_NULL_CONVERSION = YES;
				CLANG_WARN_OBJC_IMPLICIT_RETAIN_SELF = YES;
				CLANG_WARN_OBJC_LITERAL_CONVERSION = YES;
				CLANG_WARN_OBJC_ROOT_CLASS = YES_ERROR;
				CLANG_WARN_QUOTED_INCLUDE_IN_FRAMEWORK_HEADER = YES;
				CLANG_WARN_RANGE_LOOP_ANALYSIS = YES;
				CLANG_WARN_STRICT_PROTOTYPES = YES;
				CLANG_WARN_SUSPICIOUS_MOVE = YES;
				CLANG_WARN_UNGUARDED_AVAILABILITY = YES_AGGRESSIVE;
				CLANG_WARN_UNREACHABLE_CODE = YES;
				CLANG_WARN__DUPLICATE_METHOD_MATCH = YES;
				COPY_PHASE_STRIP = NO;
				DEBUG_INFORMATION_FORMAT = dwarf;
				ENABLE_STRICT_OBJC_MSGSEND = YES;
				ENABLE_TESTABILITY = YES;
				GCC_C_LANGUAGE_STANDARD = gnu11;
				GCC_DYNAMIC_NO_PIC = NO;
				GCC_NO_COMMON_BLOCKS = YES;
				GCC_OPTIMIZATION_LEVEL = 0;
				GCC_PREPROCESSOR_DEFINITIONS = (
					"DEBUG=1",
					"$(inherited)",
				);
				GCC_WARN_64_TO_32_BIT_CONVERSION = YES;
				GCC_WARN_ABOUT_RETURN_TYPE = YES_ERROR;
				GCC_WARN_UNDECLARED_SELECTOR = YES;
				GCC_WARN_UNINITIALIZED_AUTOS = YES_AGGRESSIVE;
				GCC_WARN_UNUSED_FUNCTION = YES;
				GCC_WARN_UNUSED_VARIABLE = YES;
				IPHONEOS_DEPLOYMENT_TARGET = 15.0;
				MTL_ENABLE_DEBUG_INFO = INCLUDE_SOURCE;
				MTL_FAST_MATH = YES;
				ONLY_ACTIVE_ARCH = YES;
				SDKROOT = iphoneos;
				SWIFT_ACTIVE_COMPILATION_CONDITIONS = DEBUG;
				SWIFT_OPTIMIZATION_LEVEL = "-Onone";
			};
			name = Debug;
		};
		4062533F2791DDB2001ACB70 /* Release */ = {
			isa = XCBuildConfiguration;
			buildSettings = {
				ALWAYS_SEARCH_USER_PATHS = NO;
				CLANG_ANALYZER_NONNULL = YES;
				CLANG_ANALYZER_NUMBER_OBJECT_CONVERSION = YES_AGGRESSIVE;
				CLANG_CXX_LANGUAGE_STANDARD = "gnu++17";
				CLANG_CXX_LIBRARY = "libc++";
				CLANG_ENABLE_MODULES = YES;
				CLANG_ENABLE_OBJC_ARC = YES;
				CLANG_ENABLE_OBJC_WEAK = YES;
				CLANG_WARN_BLOCK_CAPTURE_AUTORELEASING = YES;
				CLANG_WARN_BOOL_CONVERSION = YES;
				CLANG_WARN_COMMA = YES;
				CLANG_WARN_CONSTANT_CONVERSION = YES;
				CLANG_WARN_DEPRECATED_OBJC_IMPLEMENTATIONS = YES;
				CLANG_WARN_DIRECT_OBJC_ISA_USAGE = YES_ERROR;
				CLANG_WARN_DOCUMENTATION_COMMENTS = YES;
				CLANG_WARN_EMPTY_BODY = YES;
				CLANG_WARN_ENUM_CONVERSION = YES;
				CLANG_WARN_INFINITE_RECURSION = YES;
				CLANG_WARN_INT_CONVERSION = YES;
				CLANG_WARN_NON_LITERAL_NULL_CONVERSION = YES;
				CLANG_WARN_OBJC_IMPLICIT_RETAIN_SELF = YES;
				CLANG_WARN_OBJC_LITERAL_CONVERSION = YES;
				CLANG_WARN_OBJC_ROOT_CLASS = YES_ERROR;
				CLANG_WARN_QUOTED_INCLUDE_IN_FRAMEWORK_HEADER = YES;
				CLANG_WARN_RANGE_LOOP_ANALYSIS = YES;
				CLANG_WARN_STRICT_PROTOTYPES = YES;
				CLANG_WARN_SUSPICIOUS_MOVE = YES;
				CLANG_WARN_UNGUARDED_AVAILABILITY = YES_AGGRESSIVE;
				CLANG_WARN_UNREACHABLE_CODE = YES;
				CLANG_WARN__DUPLICATE_METHOD_MATCH = YES;
				COPY_PHASE_STRIP = NO;
				DEBUG_INFORMATION_FORMAT = "dwarf-with-dsym";
				ENABLE_NS_ASSERTIONS = NO;
				ENABLE_STRICT_OBJC_MSGSEND = YES;
				GCC_C_LANGUAGE_STANDARD = gnu11;
				GCC_NO_COMMON_BLOCKS = YES;
				GCC_WARN_64_TO_32_BIT_CONVERSION = YES;
				GCC_WARN_ABOUT_RETURN_TYPE = YES_ERROR;
				GCC_WARN_UNDECLARED_SELECTOR = YES;
				GCC_WARN_UNINITIALIZED_AUTOS = YES_AGGRESSIVE;
				GCC_WARN_UNUSED_FUNCTION = YES;
				GCC_WARN_UNUSED_VARIABLE = YES;
				IPHONEOS_DEPLOYMENT_TARGET = 15.0;
				MTL_ENABLE_DEBUG_INFO = NO;
				MTL_FAST_MATH = YES;
				SDKROOT = iphoneos;
				SWIFT_COMPILATION_MODE = wholemodule;
				SWIFT_OPTIMIZATION_LEVEL = "-O";
				VALIDATE_PRODUCT = YES;
			};
			name = Release;
		};
		406253412791DDB2001ACB70 /* Debug */ = {
			isa = XCBuildConfiguration;
			buildSettings = {
				ASSETCATALOG_COMPILER_APPICON_NAME = AppIcon;
				ASSETCATALOG_COMPILER_GLOBAL_ACCENT_COLOR_NAME = AccentColor;
				CODE_SIGN_STYLE = Automatic;
				CURRENT_PROJECT_VERSION = 1;
				DEVELOPMENT_ASSET_PATHS = "\"FitArena/Preview Content\"";
				DEVELOPMENT_TEAM = F9RDZ5259N;
				ENABLE_PREVIEWS = YES;
				GENERATE_INFOPLIST_FILE = YES;
				INFOPLIST_KEY_UIApplicationSceneManifest_Generation = YES;
				INFOPLIST_KEY_UIApplicationSupportsIndirectInputEvents = YES;
				INFOPLIST_KEY_UILaunchScreen_Generation = YES;
				INFOPLIST_KEY_UISupportedInterfaceOrientations = UIInterfaceOrientationPortrait;
				INFOPLIST_KEY_UISupportedInterfaceOrientations_iPad = "UIInterfaceOrientationPortrait UIInterfaceOrientationPortraitUpsideDown UIInterfaceOrientationLandscapeLeft UIInterfaceOrientationLandscapeRight";
				INFOPLIST_KEY_UISupportedInterfaceOrientations_iPhone = UIInterfaceOrientationPortrait;
				IPHONEOS_DEPLOYMENT_TARGET = 15.0;
				LD_RUNPATH_SEARCH_PATHS = (
					"$(inherited)",
					"@executable_path/Frameworks",
				);
				MARKETING_VERSION = 1.0;
				OTHER_LDFLAGS = "-ObjC";
				PRODUCT_BUNDLE_IDENTIFIER = "com.Genesis-Tech.FitArena";
				PRODUCT_NAME = FitArenaa;
				SWIFT_EMIT_LOC_STRINGS = YES;
				SWIFT_VERSION = 5.0;
				TARGETED_DEVICE_FAMILY = 1;
			};
			name = Debug;
		};
		406253422791DDB2001ACB70 /* Release */ = {
			isa = XCBuildConfiguration;
			buildSettings = {
				ASSETCATALOG_COMPILER_APPICON_NAME = AppIcon;
				ASSETCATALOG_COMPILER_GLOBAL_ACCENT_COLOR_NAME = AccentColor;
				CODE_SIGN_STYLE = Automatic;
				CURRENT_PROJECT_VERSION = 1;
				DEVELOPMENT_ASSET_PATHS = "\"FitArena/Preview Content\"";
				DEVELOPMENT_TEAM = F9RDZ5259N;
				ENABLE_PREVIEWS = YES;
				GENERATE_INFOPLIST_FILE = YES;
				INFOPLIST_KEY_UIApplicationSceneManifest_Generation = YES;
				INFOPLIST_KEY_UIApplicationSupportsIndirectInputEvents = YES;
				INFOPLIST_KEY_UILaunchScreen_Generation = YES;
				INFOPLIST_KEY_UISupportedInterfaceOrientations = UIInterfaceOrientationPortrait;
				INFOPLIST_KEY_UISupportedInterfaceOrientations_iPad = "UIInterfaceOrientationPortrait UIInterfaceOrientationPortraitUpsideDown UIInterfaceOrientationLandscapeLeft UIInterfaceOrientationLandscapeRight";
				INFOPLIST_KEY_UISupportedInterfaceOrientations_iPhone = UIInterfaceOrientationPortrait;
				IPHONEOS_DEPLOYMENT_TARGET = 15.0;
				LD_RUNPATH_SEARCH_PATHS = (
					"$(inherited)",
					"@executable_path/Frameworks",
				);
				MARKETING_VERSION = 1.0;
				OTHER_LDFLAGS = "-ObjC";
				PRODUCT_BUNDLE_IDENTIFIER = "com.Genesis-Tech.FitArena";
				PRODUCT_NAME = FitArenaa;
				SWIFT_EMIT_LOC_STRINGS = YES;
				SWIFT_VERSION = 5.0;
				TARGETED_DEVICE_FAMILY = 1;
			};
			name = Release;
		};
/* End XCBuildConfiguration section */

/* Begin XCConfigurationList section */
		4062532D2791DDAE001ACB70 /* Build configuration list for PBXProject "FitArena" */ = {
			isa = XCConfigurationList;
			buildConfigurations = (
				4062533E2791DDB2001ACB70 /* Debug */,
				4062533F2791DDB2001ACB70 /* Release */,
			);
			defaultConfigurationIsVisible = 0;
			defaultConfigurationName = Release;
		};
		406253402791DDB2001ACB70 /* Build configuration list for PBXNativeTarget "FitnessHub" */ = {
			isa = XCConfigurationList;
			buildConfigurations = (
				406253412791DDB2001ACB70 /* Debug */,
				406253422791DDB2001ACB70 /* Release */,
			);
			defaultConfigurationIsVisible = 0;
			defaultConfigurationName = Release;
		};
/* End XCConfigurationList section */

/* Begin XCRemoteSwiftPackageReference section */
		4005072627ECDF90001A8AF1 /* XCRemoteSwiftPackageReference "firebase-ios-sdk" */ = {
			isa = XCRemoteSwiftPackageReference;
			repositoryURL = "https://github.com/firebase/firebase-ios-sdk.git";
			requirement = {
				kind = upToNextMajorVersion;
				minimumVersion = 8.0.0;
			};
		};
/* End XCRemoteSwiftPackageReference section */

/* Begin XCSwiftPackageProductDependency section */
		4005072727ECDF90001A8AF1 /* FirebaseAuth */ = {
			isa = XCSwiftPackageProductDependency;
			package = 4005072627ECDF90001A8AF1 /* XCRemoteSwiftPackageReference "firebase-ios-sdk" */;
			productName = FirebaseAuth;
		};
		4005072927ECDF90001A8AF1 /* FirebaseAuthCombine-Community */ = {
			isa = XCSwiftPackageProductDependency;
			package = 4005072627ECDF90001A8AF1 /* XCRemoteSwiftPackageReference "firebase-ios-sdk" */;
			productName = "FirebaseAuthCombine-Community";
		};
		4005072B27ECDF90001A8AF1 /* FirebaseFirestore */ = {
			isa = XCSwiftPackageProductDependency;
			package = 4005072627ECDF90001A8AF1 /* XCRemoteSwiftPackageReference "firebase-ios-sdk" */;
			productName = FirebaseFirestore;
		};
		4005072D27ECDF90001A8AF1 /* FirebaseFirestoreCombine-Community */ = {
			isa = XCSwiftPackageProductDependency;
			package = 4005072627ECDF90001A8AF1 /* XCRemoteSwiftPackageReference "firebase-ios-sdk" */;
			productName = "FirebaseFirestoreCombine-Community";
		};
		4005072F27ECDF90001A8AF1 /* FirebaseFirestoreSwift-Beta */ = {
			isa = XCSwiftPackageProductDependency;
			package = 4005072627ECDF90001A8AF1 /* XCRemoteSwiftPackageReference "firebase-ios-sdk" */;
			productName = "FirebaseFirestoreSwift-Beta";
		};
/* End XCSwiftPackageProductDependency section */
	};
	rootObject = 4062532A2791DDAE001ACB70 /* Project object */;
}
